
Microsoft Visual Studio Solution File, Format Version 12.00
# Visual Studio Version 16
VisualStudioVersion = 16.0.30907.101
MinimumVisualStudioVersion = 10.0.40219.1
Project("{FAE04EC0-301F-11D3-BF4B-00C04F79EFBC}") = "MovieRegistration", "MovieRegistration\MovieRegistration.csproj", "{73D3E8F7-8DA4-485D-A817-B3953F6CB2EA}"
EndProject
Global
	GlobalSection(SolutionConfigurationPlatforms) = preSolution
		Debug|Any CPU = Debug|Any CPU
		Release|Any CPU = Release|Any CPU
	EndGlobalSection
	GlobalSection(ProjectConfigurationPlatforms) = postSolution
		{73D3E8F7-8DA4-485D-A817-B3953F6CB2EA}.Debug|Any CPU.ActiveCfg = Debug|Any CPU
		{73D3E8F7-8DA4-485D-A817-B3953F6CB2EA}.Debug|Any CPU.Build.0 = Debug|Any CPU
		{73D3E8F7-8DA4-485D-A817-B3953F6CB2EA}.Release|Any CPU.ActiveCfg = Release|Any CPU
		{73D3E8F7-8DA4-485D-A817-B3953F6CB2EA}.Release|Any CPU.Build.0 = Release|Any CPU
	EndGlobalSection
	GlobalSection(SolutionProperties) = preSolution
		HideSolutionNode = FALSE
	EndGlobalSection
	GlobalSection(ExtensibilityGlobals) = postSolution
		SolutionGuid = {17557627-83A7-4360-8A97-0D241D22A2C2}
	EndGlobalSection
EndGlobal
